
Microsoft Visual Studio Solution File, Format Version 12.00
# Visual Studio Version 16
VisualStudioVersion = 16.0.31112.23
MinimumVisualStudioVersion = 10.0.40219.1
Project("{8BC9CEB8-8B4A-11D0-8D11-00A0C91BC942}") = "Server", "Server.vcxproj", "{232C4DE0-751B-4216-88B5-FDC2B0F088EB}"
EndProject
Global
	GlobalSection(SolutionConfigurationPlatforms) = preSolution
		Debug|x64 = Debug|x64
		Debug|x86 = Debug|x86
		Release|x64 = Release|x64
		Release|x86 = Release|x86
	EndGlobalSection
	GlobalSection(ProjectConfigurationPlatforms) = postSolution
		{232C4DE0-751B-4216-88B5-FDC2B0F088EB}.Debug|x64.ActiveCfg = Debug|x64
		{232C4DE0-751B-4216-88B5-FDC2B0F088EB}.Debug|x64.Build.0 = Debug|x64
		{232C4DE0-751B-4216-88B5-FDC2B0F088EB}.Debug|x86.ActiveCfg = Debug|Win32
		{232C4DE0-751B-4216-88B5-FDC2B0F088EB}.Debug|x86.Build.0 = Debug|Win32
		{232C4DE0-751B-4216-88B5-FDC2B0F088EB}.Release|x64.ActiveCfg = Release|x64
		{232C4DE0-751B-4216-88B5-FDC2B0F088EB}.Release|x64.Build.0 = Release|x64
		{232C4DE0-751B-4216-88B5-FDC2B0F088EB}.Release|x86.ActiveCfg = Release|Win32
		{232C4DE0-751B-4216-88B5-FDC2B0F088EB}.Release|x86.Build.0 = Release|Win32
	EndGlobalSection
	GlobalSection(SolutionProperties) = preSolution
		HideSolutionNode = FALSE
	EndGlobalSection
	GlobalSection(ExtensibilityGlobals) = postSolution
		SolutionGuid = {7C788F2B-40B6-471A-8520-48F369FA91A9}
	EndGlobalSection
EndGlobal
