
Microsoft Visual Studio Solution File, Format Version 12.00
# Visual Studio Version 16
VisualStudioVersion = 16.0.31112.23
MinimumVisualStudioVersion = 10.0.40219.1
Project("{8BC9CEB8-8B4A-11D0-8D11-00A0C91BC942}") = "Client", "Client.vcxproj", "{EF761217-2572-4264-98D1-AA1A4E83C3D3}"
EndProject
Global
	GlobalSection(SolutionConfigurationPlatforms) = preSolution
		Debug|x64 = Debug|x64
		Debug|x86 = Debug|x86
		Release|x64 = Release|x64
		Release|x86 = Release|x86
	EndGlobalSection
	GlobalSection(ProjectConfigurationPlatforms) = postSolution
		{EF761217-2572-4264-98D1-AA1A4E83C3D3}.Debug|x64.ActiveCfg = Debug|x64
		{EF761217-2572-4264-98D1-AA1A4E83C3D3}.Debug|x64.Build.0 = Debug|x64
		{EF761217-2572-4264-98D1-AA1A4E83C3D3}.Debug|x86.ActiveCfg = Debug|Win32
		{EF761217-2572-4264-98D1-AA1A4E83C3D3}.Debug|x86.Build.0 = Debug|Win32
		{EF761217-2572-4264-98D1-AA1A4E83C3D3}.Release|x64.ActiveCfg = Release|x64
		{EF761217-2572-4264-98D1-AA1A4E83C3D3}.Release|x64.Build.0 = Release|x64
		{EF761217-2572-4264-98D1-AA1A4E83C3D3}.Release|x86.ActiveCfg = Release|Win32
		{EF761217-2572-4264-98D1-AA1A4E83C3D3}.Release|x86.Build.0 = Release|Win32
	EndGlobalSection
	GlobalSection(SolutionProperties) = preSolution
		HideSolutionNode = FALSE
	EndGlobalSection
	GlobalSection(ExtensibilityGlobals) = postSolution
		SolutionGuid = {8AD344B5-6971-4856-8263-BFECF2F9C5FE}
	EndGlobalSection
EndGlobal
